
Microsoft Visual Studio Solution File, Format Version 12.00
# Visual Studio Version 16
VisualStudioVersion = 16.0.31019.35
MinimumVisualStudioVersion = 10.0.40219.1
Project("{FAE04EC0-301F-11D3-BF4B-00C04F79EFBC}") = "Bank Queue Management Systems", "Bank Queue Management Systems\Bank Queue Management Systems.csproj", "{F8BF21DD-3C22-4D23-BCC5-0185395D668F}"
EndProject
Global
	GlobalSection(SolutionConfigurationPlatforms) = preSolution
		Debug|Any CPU = Debug|Any CPU
		Release|Any CPU = Release|Any CPU
	EndGlobalSection
	GlobalSection(ProjectConfigurationPlatforms) = postSolution
		{F8BF21DD-3C22-4D23-BCC5-0185395D668F}.Debug|Any CPU.ActiveCfg = Debug|Any CPU
		{F8BF21DD-3C22-4D23-BCC5-0185395D668F}.Debug|Any CPU.Build.0 = Debug|Any CPU
		{F8BF21DD-3C22-4D23-BCC5-0185395D668F}.Release|Any CPU.ActiveCfg = Release|Any CPU
		{F8BF21DD-3C22-4D23-BCC5-0185395D668F}.Release|Any CPU.Build.0 = Release|Any CPU
	EndGlobalSection
	GlobalSection(SolutionProperties) = preSolution
		HideSolutionNode = FALSE
	EndGlobalSection
	GlobalSection(ExtensibilityGlobals) = postSolution
		SolutionGuid = {8088EB61-A7A4-41A2-9542-AA5388A728CB}
	EndGlobalSection
EndGlobal
