
Microsoft Visual Studio Solution File, Format Version 12.00
# Visual Studio Version 16
VisualStudioVersion = 16.0.31019.35
MinimumVisualStudioVersion = 10.0.40219.1
Project("{FAE04EC0-301F-11D3-BF4B-00C04F79EFBC}") = "Bank Queue System", "Bank Queue System\Bank Queue System.csproj", "{E144B86C-EC2A-4877-B5FE-56B3303B2909}"
EndProject
Global
	GlobalSection(SolutionConfigurationPlatforms) = preSolution
		Debug|Any CPU = Debug|Any CPU
		Release|Any CPU = Release|Any CPU
	EndGlobalSection
	GlobalSection(ProjectConfigurationPlatforms) = postSolution
		{E144B86C-EC2A-4877-B5FE-56B3303B2909}.Debug|Any CPU.ActiveCfg = Debug|Any CPU
		{E144B86C-EC2A-4877-B5FE-56B3303B2909}.Debug|Any CPU.Build.0 = Debug|Any CPU
		{E144B86C-EC2A-4877-B5FE-56B3303B2909}.Release|Any CPU.ActiveCfg = Release|Any CPU
		{E144B86C-EC2A-4877-B5FE-56B3303B2909}.Release|Any CPU.Build.0 = Release|Any CPU
	EndGlobalSection
	GlobalSection(SolutionProperties) = preSolution
		HideSolutionNode = FALSE
	EndGlobalSection
	GlobalSection(ExtensibilityGlobals) = postSolution
		SolutionGuid = {F9853DF8-CD4D-485D-8C5F-5C9200BEB89A}
	EndGlobalSection
EndGlobal
